
Microsoft Visual Studio Solution File, Format Version 12.00
# Visual Studio Version 17
VisualStudioVersion = 17.0.31903.59
MinimumVisualStudioVersion = 10.0.40219.1
Project("{FAE04EC0-301F-11D3-BF4B-00C04F79EFBC}") = "Core", "Core\Core.csproj", "{ACB6A952-E714-455B-B6CC-BA874F99823C}"
EndProject
Project("{FAE04EC0-301F-11D3-BF4B-00C04F79EFBC}") = "Infrastructure", "Infrastructure\Infrastructure.csproj", "{376EEBD4-F5F9-47C5-9CC7-8BBC8E3C2FD5}"
EndProject
Project("{FAE04EC0-301F-11D3-BF4B-00C04F79EFBC}") = "Tests", "Tests\Tests.csproj", "{A8A16C93-BECD-4771-9641-50749B55DAD6}"
EndProject
Global
	GlobalSection(SolutionConfigurationPlatforms) = preSolution
		Debug|Any CPU = Debug|Any CPU
		Release|Any CPU = Release|Any CPU
	EndGlobalSection
	GlobalSection(SolutionProperties) = preSolution
		HideSolutionNode = FALSE
	EndGlobalSection
	GlobalSection(ProjectConfigurationPlatforms) = postSolution
		{ACB6A952-E714-455B-B6CC-BA874F99823C}.Debug|Any CPU.ActiveCfg = Debug|Any CPU
		{ACB6A952-E714-455B-B6CC-BA874F99823C}.Debug|Any CPU.Build.0 = Debug|Any CPU
		{ACB6A952-E714-455B-B6CC-BA874F99823C}.Release|Any CPU.ActiveCfg = Release|Any CPU
		{ACB6A952-E714-455B-B6CC-BA874F99823C}.Release|Any CPU.Build.0 = Release|Any CPU
		{376EEBD4-F5F9-47C5-9CC7-8BBC8E3C2FD5}.Debug|Any CPU.ActiveCfg = Debug|Any CPU
		{376EEBD4-F5F9-47C5-9CC7-8BBC8E3C2FD5}.Debug|Any CPU.Build.0 = Debug|Any CPU
		{376EEBD4-F5F9-47C5-9CC7-8BBC8E3C2FD5}.Release|Any CPU.ActiveCfg = Release|Any CPU
		{376EEBD4-F5F9-47C5-9CC7-8BBC8E3C2FD5}.Release|Any CPU.Build.0 = Release|Any CPU
		{A8A16C93-BECD-4771-9641-50749B55DAD6}.Debug|Any CPU.ActiveCfg = Debug|Any CPU
		{A8A16C93-BECD-4771-9641-50749B55DAD6}.Debug|Any CPU.Build.0 = Debug|Any CPU
		{A8A16C93-BECD-4771-9641-50749B55DAD6}.Release|Any CPU.ActiveCfg = Release|Any CPU
		{A8A16C93-BECD-4771-9641-50749B55DAD6}.Release|Any CPU.Build.0 = Release|Any CPU
	EndGlobalSection
EndGlobal
